// !$*UTF8*$!
{
	archiveVersion = 1;
	classes = {
	};
	objectVersion = 55;
	objects = {

/* Begin PBXBuildFile section */
		F11B0D782879F81900346224 /* BaseViewController.swift in Sources */ = {isa = PBXBuildFile; fileRef = F11B0D772879F81900346224 /* BaseViewController.swift */; };
		F11B0D7D2879F97000346224 /* Observable.swift in Sources */ = {isa = PBXBuildFile; fileRef = F11B0D7C2879F97000346224 /* Observable.swift */; };
		F11B0D7F2879FA1600346224 /* APIManager.swift in Sources */ = {isa = PBXBuildFile; fileRef = F11B0D7E2879FA1600346224 /* APIManager.swift */; };
		F15050A32879FE7F0039A1B2 /* RootViewModel.swift in Sources */ = {isa = PBXBuildFile; fileRef = F15050A22879FE7F0039A1B2 /* RootViewModel.swift */; };
		F1612D962879F70400EB9CEA /* AppDelegate.swift in Sources */ = {isa = PBXBuildFile; fileRef = F1612D952879F70400EB9CEA /* AppDelegate.swift */; };
		F1612D982879F70400EB9CEA /* SceneDelegate.swift in Sources */ = {isa = PBXBuildFile; fileRef = F1612D972879F70400EB9CEA /* SceneDelegate.swift */; };
		F1612D9A2879F70400EB9CEA /* GalleryViewController.swift in Sources */ = {isa = PBXBuildFile; fileRef = F1612D992879F70400EB9CEA /* GalleryViewController.swift */; };
		F1612D9F2879F70900EB9CEA /* Assets.xcassets in Resources */ = {isa = PBXBuildFile; fileRef = F1612D9E2879F70900EB9CEA /* Assets.xcassets */; };
		F1612DA22879F70900EB9CEA /* LaunchScreen.storyboard in Resources */ = {isa = PBXBuildFile; fileRef = F1612DA02879F70900EB9CEA /* LaunchScreen.storyboard */; };
		F19F94C9287A17AB001F3B29 /* GalleryCollectionViewCellModel.swift in Sources */ = {isa = PBXBuildFile; fileRef = F19F94C8287A17AB001F3B29 /* GalleryCollectionViewCellModel.swift */; };
		F19F94CC287A27E2001F3B29 /* UIImageView+Extension.swift in Sources */ = {isa = PBXBuildFile; fileRef = F19F94CB287A27E2001F3B29 /* UIImageView+Extension.swift */; };
		F19F94CF287A2849001F3B29 /* CacheManager.swift in Sources */ = {isa = PBXBuildFile; fileRef = F19F94CE287A2849001F3B29 /* CacheManager.swift */; };
		F1D811F62879FA9100734BE0 /* ImgurData.swift in Sources */ = {isa = PBXBuildFile; fileRef = F1D811F52879FA9100734BE0 /* ImgurData.swift */; };
		F1D811F82879FBB000734BE0 /* GalleryCollectionViewCell.swift in Sources */ = {isa = PBXBuildFile; fileRef = F1D811F72879FBB000734BE0 /* GalleryCollectionViewCell.swift */; };
/* End PBXBuildFile section */

/* Begin PBXFileReference section */
		F11B0D772879F81900346224 /* BaseViewController.swift */ = {isa = PBXFileReference; lastKnownFileType = sourcecode.swift; path = BaseViewController.swift; sourceTree = "<group>"; };
		F11B0D7C2879F97000346224 /* Observable.swift */ = {isa = PBXFileReference; lastKnownFileType = sourcecode.swift; path = Observable.swift; sourceTree = "<group>"; };
		F11B0D7E2879FA1600346224 /* APIManager.swift */ = {isa = PBXFileReference; lastKnownFileType = sourcecode.swift; path = APIManager.swift; sourceTree = "<group>"; };
		F15050A22879FE7F0039A1B2 /* RootViewModel.swift */ = {isa = PBXFileReference; lastKnownFileType = sourcecode.swift; path = RootViewModel.swift; sourceTree = "<group>"; };
		F1612D922879F70400EB9CEA /* AlfredAssignment.app */ = {isa = PBXFileReference; explicitFileType = wrapper.application; includeInIndex = 0; path = AlfredAssignment.app; sourceTree = BUILT_PRODUCTS_DIR; };
		F1612D952879F70400EB9CEA /* AppDelegate.swift */ = {isa = PBXFileReference; lastKnownFileType = sourcecode.swift; path = AppDelegate.swift; sourceTree = "<group>"; };
		F1612D972879F70400EB9CEA /* SceneDelegate.swift */ = {isa = PBXFileReference; lastKnownFileType = sourcecode.swift; path = SceneDelegate.swift; sourceTree = "<group>"; };
		F1612D992879F70400EB9CEA /* GalleryViewController.swift */ = {isa = PBXFileReference; lastKnownFileType = sourcecode.swift; path = GalleryViewController.swift; sourceTree = "<group>"; };
		F1612D9E2879F70900EB9CEA /* Assets.xcassets */ = {isa = PBXFileReference; lastKnownFileType = folder.assetcatalog; path = Assets.xcassets; sourceTree = "<group>"; };
		F1612DA12879F70900EB9CEA /* Base */ = {isa = PBXFileReference; lastKnownFileType = file.storyboard; name = Base; path = Base.lproj/LaunchScreen.storyboard; sourceTree = "<group>"; };
		F1612DA32879F70900EB9CEA /* Info.plist */ = {isa = PBXFileReference; lastKnownFileType = text.plist.xml; path = Info.plist; sourceTree = "<group>"; };
		F19F94C8287A17AB001F3B29 /* GalleryCollectionViewCellModel.swift */ = {isa = PBXFileReference; lastKnownFileType = sourcecode.swift; path = GalleryCollectionViewCellModel.swift; sourceTree = "<group>"; };
		F19F94CB287A27E2001F3B29 /* UIImageView+Extension.swift */ = {isa = PBXFileReference; lastKnownFileType = sourcecode.swift; path = "UIImageView+Extension.swift"; sourceTree = "<group>"; };
		F19F94CE287A2849001F3B29 /* CacheManager.swift */ = {isa = PBXFileReference; lastKnownFileType = sourcecode.swift; path = CacheManager.swift; sourceTree = "<group>"; };
		F1D811F52879FA9100734BE0 /* ImgurData.swift */ = {isa = PBXFileReference; lastKnownFileType = sourcecode.swift; path = ImgurData.swift; sourceTree = "<group>"; };
		F1D811F72879FBB000734BE0 /* GalleryCollectionViewCell.swift */ = {isa = PBXFileReference; lastKnownFileType = sourcecode.swift; path = GalleryCollectionViewCell.swift; sourceTree = "<group>"; };
/* End PBXFileReference section */

/* Begin PBXFrameworksBuildPhase section */
		F1612D8F2879F70400EB9CEA /* Frameworks */ = {
			isa = PBXFrameworksBuildPhase;
			buildActionMask = 2147483647;
			files = (
			);
			runOnlyForDeploymentPostprocessing = 0;
		};
/* End PBXFrameworksBuildPhase section */

/* Begin PBXGroup section */
		F11B0D792879F91200346224 /* View */ = {
			isa = PBXGroup;
			children = (
				F11B0D772879F81900346224 /* BaseViewController.swift */,
				F1612D992879F70400EB9CEA /* GalleryViewController.swift */,
				F1D811F72879FBB000734BE0 /* GalleryCollectionViewCell.swift */,
			);
			path = View;
			sourceTree = "<group>";
		};
		F11B0D7A2879F92400346224 /* ViewModel */ = {
			isa = PBXGroup;
			children = (
				F15050A22879FE7F0039A1B2 /* RootViewModel.swift */,
				F19F94C8287A17AB001F3B29 /* GalleryCollectionViewCellModel.swift */,
			);
			path = ViewModel;
			sourceTree = "<group>";
		};
		F11B0D7B2879F93A00346224 /* Model */ = {
			isa = PBXGroup;
			children = (
				F11B0D7E2879FA1600346224 /* APIManager.swift */,
				F1D811F52879FA9100734BE0 /* ImgurData.swift */,
			);
			path = Model;
			sourceTree = "<group>";
		};
		F1612D892879F70400EB9CEA = {
			isa = PBXGroup;
			children = (
				F1612D942879F70400EB9CEA /* AlfredAssignment */,
				F1612D932879F70400EB9CEA /* Products */,
			);
			sourceTree = "<group>";
		};
		F1612D932879F70400EB9CEA /* Products */ = {
			isa = PBXGroup;
			children = (
				F1612D922879F70400EB9CEA /* AlfredAssignment.app */,
			);
			name = Products;
			sourceTree = "<group>";
		};
		F1612D942879F70400EB9CEA /* AlfredAssignment */ = {
			isa = PBXGroup;
			children = (
				F1612D952879F70400EB9CEA /* AppDelegate.swift */,
				F1612D972879F70400EB9CEA /* SceneDelegate.swift */,
				F19F94CD287A2826001F3B29 /* Utils */,
				F11B0D7B2879F93A00346224 /* Model */,
				F11B0D792879F91200346224 /* View */,
				F11B0D7A2879F92400346224 /* ViewModel */,
				F19F94CA287A27C1001F3B29 /* Extensions */,
				F1612D9E2879F70900EB9CEA /* Assets.xcassets */,
				F1612DA02879F70900EB9CEA /* LaunchScreen.storyboard */,
				F1612DA32879F70900EB9CEA /* Info.plist */,
			);
			path = AlfredAssignment;
			sourceTree = "<group>";
		};
		F19F94CA287A27C1001F3B29 /* Extensions */ = {
			isa = PBXGroup;
			children = (
				F19F94CB287A27E2001F3B29 /* UIImageView+Extension.swift */,
			);
			path = Extensions;
			sourceTree = "<group>";
		};
		F19F94CD287A2826001F3B29 /* Utils */ = {
			isa = PBXGroup;
			children = (
				F11B0D7C2879F97000346224 /* Observable.swift */,
				F19F94CE287A2849001F3B29 /* CacheManager.swift */,
			);
			path = Utils;
			sourceTree = "<group>";
		};
/* End PBXGroup section */

/* Begin PBXNativeTarget section */
		F1612D912879F70400EB9CEA /* AlfredAssignment */ = {
			isa = PBXNativeTarget;
			buildConfigurationList = F1612DA62879F70900EB9CEA /* Build configuration list for PBXNativeTarget "AlfredAssignment" */;
			buildPhases = (
				F1612D8E2879F70400EB9CEA /* Sources */,
				F1612D8F2879F70400EB9CEA /* Frameworks */,
				F1612D902879F70400EB9CEA /* Resources */,
			);
			buildRules = (
			);
			dependencies = (
			);
			name = AlfredAssignment;
			productName = AlfredAssignment;
			productReference = F1612D922879F70400EB9CEA /* AlfredAssignment.app */;
			productType = "com.apple.product-type.application";
		};
/* End PBXNativeTarget section */

/* Begin PBXProject section */
		F1612D8A2879F70400EB9CEA /* Project object */ = {
			isa = PBXProject;
			attributes = {
				BuildIndependentTargetsInParallel = 1;
				LastSwiftUpdateCheck = 1330;
				LastUpgradeCheck = 1330;
				TargetAttributes = {
					F1612D912879F70400EB9CEA = {
						CreatedOnToolsVersion = 13.3.1;
					};
				};
			};
			buildConfigurationList = F1612D8D2879F70400EB9CEA /* Build configuration list for PBXProject "AlfredAssignment" */;
			compatibilityVersion = "Xcode 13.0";
			developmentRegion = en;
			hasScannedForEncodings = 0;
			knownRegions = (
				en,
				Base,
			);
			mainGroup = F1612D892879F70400EB9CEA;
			productRefGroup = F1612D932879F70400EB9CEA /* Products */;
			projectDirPath = "";
			projectRoot = "";
			targets = (
				F1612D912879F70400EB9CEA /* AlfredAssignment */,
			);
		};
/* End PBXProject section */

/* Begin PBXResourcesBuildPhase section */
		F1612D902879F70400EB9CEA /* Resources */ = {
			isa = PBXResourcesBuildPhase;
			buildActionMask = 2147483647;
			files = (
				F1612DA22879F70900EB9CEA /* LaunchScreen.storyboard in Resources */,
				F1612D9F2879F70900EB9CEA /* Assets.xcassets in Resources */,
			);
			runOnlyForDeploymentPostprocessing = 0;
		};
/* End PBXResourcesBuildPhase section */

/* Begin PBXSourcesBuildPhase section */
		F1612D8E2879F70400EB9CEA /* Sources */ = {
			isa = PBXSourcesBuildPhase;
			buildActionMask = 2147483647;
			files = (
				F15050A32879FE7F0039A1B2 /* RootViewModel.swift in Sources */,
				F1D811F62879FA9100734BE0 /* ImgurData.swift in Sources */,
				F11B0D7F2879FA1600346224 /* APIManager.swift in Sources */,
				F1612D9A2879F70400EB9CEA /* GalleryViewController.swift in Sources */,
				F19F94CF287A2849001F3B29 /* CacheManager.swift in Sources */,
				F11B0D782879F81900346224 /* BaseViewController.swift in Sources */,
				F1D811F82879FBB000734BE0 /* GalleryCollectionViewCell.swift in Sources */,
				F1612D962879F70400EB9CEA /* AppDelegate.swift in Sources */,
				F19F94CC287A27E2001F3B29 /* UIImageView+Extension.swift in Sources */,
				F19F94C9287A17AB001F3B29 /* GalleryCollectionViewCellModel.swift in Sources */,
				F1612D982879F70400EB9CEA /* SceneDelegate.swift in Sources */,
				F11B0D7D2879F97000346224 /* Observable.swift in Sources */,
			);
			runOnlyForDeploymentPostprocessing = 0;
		};
/* End PBXSourcesBuildPhase section */

/* Begin PBXVariantGroup section */
		F1612DA02879F70900EB9CEA /* LaunchScreen.storyboard */ = {
			isa = PBXVariantGroup;
			children = (
				F1612DA12879F70900EB9CEA /* Base */,
			);
			name = LaunchScreen.storyboard;
			sourceTree = "<group>";
		};
/* End PBXVariantGroup section */

/* Begin XCBuildConfiguration section */
		F1612DA42879F70900EB9CEA /* Debug */ = {
			isa = XCBuildConfiguration;
			buildSettings = {
				ALWAYS_SEARCH_USER_PATHS = NO;
				CLANG_ANALYZER_NONNULL = YES;
				CLANG_ANALYZER_NUMBER_OBJECT_CONVERSION = YES_AGGRESSIVE;
				CLANG_CXX_LANGUAGE_STANDARD = "gnu++17";
				CLANG_ENABLE_MODULES = YES;
				CLANG_ENABLE_OBJC_ARC = YES;
				CLANG_ENABLE_OBJC_WEAK = YES;
				CLANG_WARN_BLOCK_CAPTURE_AUTORELEASING = YES;
				CLANG_WARN_BOOL_CONVERSION = YES;
				CLANG_WARN_COMMA = YES;
				CLANG_WARN_CONSTANT_CONVERSION = YES;
				CLANG_WARN_DEPRECATED_OBJC_IMPLEMENTATIONS = YES;
				CLANG_WARN_DIRECT_OBJC_ISA_USAGE = YES_ERROR;
				CLANG_WARN_DOCUMENTATION_COMMENTS = YES;
				CLANG_WARN_EMPTY_BODY = YES;
				CLANG_WARN_ENUM_CONVERSION = YES;
				CLANG_WARN_INFINITE_RECURSION = YES;
				CLANG_WARN_INT_CONVERSION = YES;
				CLANG_WARN_NON_LITERAL_NULL_CONVERSION = YES;
				CLANG_WARN_OBJC_IMPLICIT_RETAIN_SELF = YES;
				CLANG_WARN_OBJC_LITERAL_CONVERSION = YES;
				CLANG_WARN_OBJC_ROOT_CLASS = YES_ERROR;
				CLANG_WARN_QUOTED_INCLUDE_IN_FRAMEWORK_HEADER = YES;
				CLANG_WARN_RANGE_LOOP_ANALYSIS = YES;
				CLANG_WARN_STRICT_PROTOTYPES = YES;
				CLANG_WARN_SUSPICIOUS_MOVE = YES;
				CLANG_WARN_UNGUARDED_AVAILABILITY = YES_AGGRESSIVE;
				CLANG_WARN_UNREACHABLE_CODE = YES;
				CLANG_WARN__DUPLICATE_METHOD_MATCH = YES;
				COPY_PHASE_STRIP = NO;
				DEBUG_INFORMATION_FORMAT = dwarf;
				ENABLE_STRICT_OBJC_MSGSEND = YES;
				ENABLE_TESTABILITY = YES;
				GCC_C_LANGUAGE_STANDARD = gnu11;
				GCC_DYNAMIC_NO_PIC = NO;
				GCC_NO_COMMON_BLOCKS = YES;
				GCC_OPTIMIZATION_LEVEL = 0;
				GCC_PREPROCESSOR_DEFINITIONS = (
					"DEBUG=1",
					"$(inherited)",
				);
				GCC_WARN_64_TO_32_BIT_CONVERSION = YES;
				GCC_WARN_ABOUT_RETURN_TYPE = YES_ERROR;
				GCC_WARN_UNDECLARED_SELECTOR = YES;
				GCC_WARN_UNINITIALIZED_AUTOS = YES_AGGRESSIVE;
				GCC_WARN_UNUSED_FUNCTION = YES;
				GCC_WARN_UNUSED_VARIABLE = YES;
				IPHONEOS_DEPLOYMENT_TARGET = 15.4;
				MTL_ENABLE_DEBUG_INFO = INCLUDE_SOURCE;
				MTL_FAST_MATH = YES;
				ONLY_ACTIVE_ARCH = YES;
				SDKROOT = iphoneos;
				SWIFT_ACTIVE_COMPILATION_CONDITIONS = DEBUG;
				SWIFT_OPTIMIZATION_LEVEL = "-Onone";
			};
			name = Debug;
		};
		F1612DA52879F70900EB9CEA /* Release */ = {
			isa = XCBuildConfiguration;
			buildSettings = {
				ALWAYS_SEARCH_USER_PATHS = NO;
				CLANG_ANALYZER_NONNULL = YES;
				CLANG_ANALYZER_NUMBER_OBJECT_CONVERSION = YES_AGGRESSIVE;
				CLANG_CXX_LANGUAGE_STANDARD = "gnu++17";
				CLANG_ENABLE_MODULES = YES;
				CLANG_ENABLE_OBJC_ARC = YES;
				CLANG_ENABLE_OBJC_WEAK = YES;
				CLANG_WARN_BLOCK_CAPTURE_AUTORELEASING = YES;
				CLANG_WARN_BOOL_CONVERSION = YES;
				CLANG_WARN_COMMA = YES;
				CLANG_WARN_CONSTANT_CONVERSION = YES;
				CLANG_WARN_DEPRECATED_OBJC_IMPLEMENTATIONS = YES;
				CLANG_WARN_DIRECT_OBJC_ISA_USAGE = YES_ERROR;
				CLANG_WARN_DOCUMENTATION_COMMENTS = YES;
				CLANG_WARN_EMPTY_BODY = YES;
				CLANG_WARN_ENUM_CONVERSION = YES;
				CLANG_WARN_INFINITE_RECURSION = YES;
				CLANG_WARN_INT_CONVERSION = YES;
				CLANG_WARN_NON_LITERAL_NULL_CONVERSION = YES;
				CLANG_WARN_OBJC_IMPLICIT_RETAIN_SELF = YES;
				CLANG_WARN_OBJC_LITERAL_CONVERSION = YES;
				CLANG_WARN_OBJC_ROOT_CLASS = YES_ERROR;
				CLANG_WARN_QUOTED_INCLUDE_IN_FRAMEWORK_HEADER = YES;
				CLANG_WARN_RANGE_LOOP_ANALYSIS = YES;
				CLANG_WARN_STRICT_PROTOTYPES = YES;
				CLANG_WARN_SUSPICIOUS_MOVE = YES;
				CLANG_WARN_UNGUARDED_AVAILABILITY = YES_AGGRESSIVE;
				CLANG_WARN_UNREACHABLE_CODE = YES;
				CLANG_WARN__DUPLICATE_METHOD_MATCH = YES;
				COPY_PHASE_STRIP = NO;
				DEBUG_INFORMATION_FORMAT = "dwarf-with-dsym";
				ENABLE_NS_ASSERTIONS = NO;
				ENABLE_STRICT_OBJC_MSGSEND = YES;
				GCC_C_LANGUAGE_STANDARD = gnu11;
				GCC_NO_COMMON_BLOCKS = YES;
				GCC_WARN_64_TO_32_BIT_CONVERSION = YES;
				GCC_WARN_ABOUT_RETURN_TYPE = YES_ERROR;
				GCC_WARN_UNDECLARED_SELECTOR = YES;
				GCC_WARN_UNINITIALIZED_AUTOS = YES_AGGRESSIVE;
				GCC_WARN_UNUSED_FUNCTION = YES;
				GCC_WARN_UNUSED_VARIABLE = YES;
				IPHONEOS_DEPLOYMENT_TARGET = 15.4;
				MTL_ENABLE_DEBUG_INFO = NO;
				MTL_FAST_MATH = YES;
				SDKROOT = iphoneos;
				SWIFT_COMPILATION_MODE = wholemodule;
				SWIFT_OPTIMIZATION_LEVEL = "-O";
				VALIDATE_PRODUCT = YES;
			};
			name = Release;
		};
		F1612DA72879F70900EB9CEA /* Debug */ = {
			isa = XCBuildConfiguration;
			buildSettings = {
				ASSETCATALOG_COMPILER_APPICON_NAME = AppIcon;
				ASSETCATALOG_COMPILER_GLOBAL_ACCENT_COLOR_NAME = AccentColor;
				CODE_SIGN_STYLE = Automatic;
				CURRENT_PROJECT_VERSION = 1;
				GENERATE_INFOPLIST_FILE = YES;
				INFOPLIST_FILE = AlfredAssignment/Info.plist;
				INFOPLIST_KEY_UIApplicationSupportsIndirectInputEvents = YES;
				INFOPLIST_KEY_UILaunchStoryboardName = LaunchScreen;
				INFOPLIST_KEY_UISupportedInterfaceOrientations_iPad = "UIInterfaceOrientationPortrait UIInterfaceOrientationPortraitUpsideDown UIInterfaceOrientationLandscapeLeft UIInterfaceOrientationLandscapeRight";
				INFOPLIST_KEY_UISupportedInterfaceOrientations_iPhone = "UIInterfaceOrientationPortrait UIInterfaceOrientationLandscapeLeft UIInterfaceOrientationLandscapeRight";
				LD_RUNPATH_SEARCH_PATHS = (
					"$(inherited)",
					"@executable_path/Frameworks",
				);
				MARKETING_VERSION = 1.0;
				PRODUCT_BUNDLE_IDENTIFIER = tw.com.astar4u29.AlfredAssignment;
				PRODUCT_NAME = "$(TARGET_NAME)";
				SWIFT_EMIT_LOC_STRINGS = YES;
				SWIFT_VERSION = 5.0;
				TARGETED_DEVICE_FAMILY = "1,2";
			};
			name = Debug;
		};
		F1612DA82879F70900EB9CEA /* Release */ = {
			isa = XCBuildConfiguration;
			buildSettings = {
				ASSETCATALOG_COMPILER_APPICON_NAME = AppIcon;
				ASSETCATALOG_COMPILER_GLOBAL_ACCENT_COLOR_NAME = AccentColor;
				CODE_SIGN_STYLE = Automatic;
				CURRENT_PROJECT_VERSION = 1;
				GENERATE_INFOPLIST_FILE = YES;
				INFOPLIST_FILE = AlfredAssignment/Info.plist;
				INFOPLIST_KEY_UIApplicationSupportsIndirectInputEvents = YES;
				INFOPLIST_KEY_UILaunchStoryboardName = LaunchScreen;
				INFOPLIST_KEY_UISupportedInterfaceOrientations_iPad = "UIInterfaceOrientationPortrait UIInterfaceOrientationPortraitUpsideDown UIInterfaceOrientationLandscapeLeft UIInterfaceOrientationLandscapeRight";
				INFOPLIST_KEY_UISupportedInterfaceOrientations_iPhone = "UIInterfaceOrientationPortrait UIInterfaceOrientationLandscapeLeft UIInterfaceOrientationLandscapeRight";
				LD_RUNPATH_SEARCH_PATHS = (
					"$(inherited)",
					"@executable_path/Frameworks",
				);
				MARKETING_VERSION = 1.0;
				PRODUCT_BUNDLE_IDENTIFIER = tw.com.astar4u29.AlfredAssignment;
				PRODUCT_NAME = "$(TARGET_NAME)";
				SWIFT_EMIT_LOC_STRINGS = YES;
				SWIFT_VERSION = 5.0;
				TARGETED_DEVICE_FAMILY = "1,2";
			};
			name = Release;
		};
/* End XCBuildConfiguration section */

/* Begin XCConfigurationList section */
		F1612D8D2879F70400EB9CEA /* Build configuration list for PBXProject "AlfredAssignment" */ = {
			isa = XCConfigurationList;
			buildConfigurations = (
				F1612DA42879F70900EB9CEA /* Debug */,
				F1612DA52879F70900EB9CEA /* Release */,
			);
			defaultConfigurationIsVisible = 0;
			defaultConfigurationName = Release;
		};
		F1612DA62879F70900EB9CEA /* Build configuration list for PBXNativeTarget "AlfredAssignment" */ = {
			isa = XCConfigurationList;
			buildConfigurations = (
				F1612DA72879F70900EB9CEA /* Debug */,
				F1612DA82879F70900EB9CEA /* Release */,
			);
			defaultConfigurationIsVisible = 0;
			defaultConfigurationName = Release;
		};
/* End XCConfigurationList section */
	};
	rootObject = F1612D8A2879F70400EB9CEA /* Project object */;
}
